// !$*UTF8*$!
{
	archiveVersion = 1;
	classes = {
	};
	objectVersion = 50;
	objects = {

/* Begin PBXBuildFile section */
		867A651D263AA1F3008C2FE8 /* launchViewController.swift in Sources */ = {isa = PBXBuildFile; fileRef = 867A651C263AA1F3008C2FE8 /* launchViewController.swift */; };
		869FDE662638180900F7F5C9 /* musicData.swift in Sources */ = {isa = PBXBuildFile; fileRef = 869FDE652638180900F7F5C9 /* musicData.swift */; };
		86C4CDED2637CD60009AFE5B /* AppDelegate.swift in Sources */ = {isa = PBXBuildFile; fileRef = 86C4CDEC2637CD60009AFE5B /* AppDelegate.swift */; };
		86C4CDEF2637CD60009AFE5B /* SceneDelegate.swift in Sources */ = {isa = PBXBuildFile; fileRef = 86C4CDEE2637CD60009AFE5B /* SceneDelegate.swift */; };
		86C4CDF12637CD60009AFE5B /* ViewController.swift in Sources */ = {isa = PBXBuildFile; fileRef = 86C4CDF02637CD60009AFE5B /* ViewController.swift */; };
		86C4CDF42637CD60009AFE5B /* Main.storyboard in Resources */ = {isa = PBXBuildFile; fileRef = 86C4CDF22637CD60009AFE5B /* Main.storyboard */; };
		86C4CDF62637CD72009AFE5B /* Assets.xcassets in Resources */ = {isa = PBXBuildFile; fileRef = 86C4CDF52637CD72009AFE5B /* Assets.xcassets */; };
		86C4CDF92637CD73009AFE5B /* LaunchScreen.storyboard in Resources */ = {isa = PBXBuildFile; fileRef = 86C4CDF72637CD73009AFE5B /* LaunchScreen.storyboard */; };
/* End PBXBuildFile section */

/* Begin PBXFileReference section */
		867A651C263AA1F3008C2FE8 /* launchViewController.swift */ = {isa = PBXFileReference; lastKnownFileType = sourcecode.swift; path = launchViewController.swift; sourceTree = "<group>"; };
		869FDE652638180900F7F5C9 /* musicData.swift */ = {isa = PBXFileReference; lastKnownFileType = sourcecode.swift; path = musicData.swift; sourceTree = "<group>"; };
		86C4CDE92637CD60009AFE5B /* musicPlayer.app */ = {isa = PBXFileReference; explicitFileType = wrapper.application; includeInIndex = 0; path = musicPlayer.app; sourceTree = BUILT_PRODUCTS_DIR; };
		86C4CDEC2637CD60009AFE5B /* AppDelegate.swift */ = {isa = PBXFileReference; lastKnownFileType = sourcecode.swift; path = AppDelegate.swift; sourceTree = "<group>"; };
		86C4CDEE2637CD60009AFE5B /* SceneDelegate.swift */ = {isa = PBXFileReference; lastKnownFileType = sourcecode.swift; path = SceneDelegate.swift; sourceTree = "<group>"; };
		86C4CDF02637CD60009AFE5B /* ViewController.swift */ = {isa = PBXFileReference; lastKnownFileType = sourcecode.swift; path = ViewController.swift; sourceTree = "<group>"; };
		86C4CDF32637CD60009AFE5B /* Base */ = {isa = PBXFileReference; lastKnownFileType = file.storyboard; name = Base; path = Base.lproj/Main.storyboard; sourceTree = "<group>"; };
		86C4CDF52637CD72009AFE5B /* Assets.xcassets */ = {isa = PBXFileReference; lastKnownFileType = folder.assetcatalog; path = Assets.xcassets; sourceTree = "<group>"; };
		86C4CDF82637CD73009AFE5B /* Base */ = {isa = PBXFileReference; lastKnownFileType = file.storyboard; name = Base; path = Base.lproj/LaunchScreen.storyboard; sourceTree = "<group>"; };
		86C4CDFA2637CD73009AFE5B /* Info.plist */ = {isa = PBXFileReference; lastKnownFileType = text.plist.xml; path = Info.plist; sourceTree = "<group>"; };
/* End PBXFileReference section */

/* Begin PBXFrameworksBuildPhase section */
		86C4CDE62637CD60009AFE5B /* Frameworks */ = {
			isa = PBXFrameworksBuildPhase;
			buildActionMask = 2147483647;
			files = (
			);
			runOnlyForDeploymentPostprocessing = 0;
		};
/* End PBXFrameworksBuildPhase section */

/* Begin PBXGroup section */
		86C4CDE02637CD60009AFE5B = {
			isa = PBXGroup;
			children = (
				86C4CDEB2637CD60009AFE5B /* musicPlayer */,
				86C4CDEA2637CD60009AFE5B /* Products */,
			);
			sourceTree = "<group>";
		};
		86C4CDEA2637CD60009AFE5B /* Products */ = {
			isa = PBXGroup;
			children = (
				86C4CDE92637CD60009AFE5B /* musicPlayer.app */,
			);
			name = Products;
			sourceTree = "<group>";
		};
		86C4CDEB2637CD60009AFE5B /* musicPlayer */ = {
			isa = PBXGroup;
			children = (
				86C4CDEC2637CD60009AFE5B /* AppDelegate.swift */,
				86C4CDEE2637CD60009AFE5B /* SceneDelegate.swift */,
				86C4CDF02637CD60009AFE5B /* ViewController.swift */,
				867A651C263AA1F3008C2FE8 /* launchViewController.swift */,
				869FDE652638180900F7F5C9 /* musicData.swift */,
				86C4CDF22637CD60009AFE5B /* Main.storyboard */,
				86C4CDF52637CD72009AFE5B /* Assets.xcassets */,
				86C4CDF72637CD73009AFE5B /* LaunchScreen.storyboard */,
				86C4CDFA2637CD73009AFE5B /* Info.plist */,
			);
			path = musicPlayer;
			sourceTree = "<group>";
		};
/* End PBXGroup section */

/* Begin PBXNativeTarget section */
		86C4CDE82637CD60009AFE5B /* musicPlayer */ = {
			isa = PBXNativeTarget;
			buildConfigurationList = 86C4CDFD2637CD73009AFE5B /* Build configuration list for PBXNativeTarget "musicPlayer" */;
			buildPhases = (
				86C4CDE52637CD60009AFE5B /* Sources */,
				86C4CDE62637CD60009AFE5B /* Frameworks */,
				86C4CDE72637CD60009AFE5B /* Resources */,
			);
			buildRules = (
			);
			dependencies = (
			);
			name = musicPlayer;
			productName = musicPlayer;
			productReference = 86C4CDE92637CD60009AFE5B /* musicPlayer.app */;
			productType = "com.apple.product-type.application";
		};
/* End PBXNativeTarget section */

/* Begin PBXProject section */
		86C4CDE12637CD60009AFE5B /* Project object */ = {
			isa = PBXProject;
			attributes = {
				LastSwiftUpdateCheck = 1130;
				LastUpgradeCheck = 1130;
				ORGANIZATIONNAME = "Ajay Sharma";
				TargetAttributes = {
					86C4CDE82637CD60009AFE5B = {
						CreatedOnToolsVersion = 11.3.1;
					};
				};
			};
			buildConfigurationList = 86C4CDE42637CD60009AFE5B /* Build configuration list for PBXProject "musicPlayer" */;
			compatibilityVersion = "Xcode 9.3";
			developmentRegion = en;
			hasScannedForEncodings = 0;
			knownRegions = (
				en,
				Base,
			);
			mainGroup = 86C4CDE02637CD60009AFE5B;
			productRefGroup = 86C4CDEA2637CD60009AFE5B /* Products */;
			projectDirPath = "";
			projectRoot = "";
			targets = (
				86C4CDE82637CD60009AFE5B /* musicPlayer */,
			);
		};
/* End PBXProject section */

/* Begin PBXResourcesBuildPhase section */
		86C4CDE72637CD60009AFE5B /* Resources */ = {
			isa = PBXResourcesBuildPhase;
			buildActionMask = 2147483647;
			files = (
				86C4CDF92637CD73009AFE5B /* LaunchScreen.storyboard in Resources */,
				86C4CDF62637CD72009AFE5B /* Assets.xcassets in Resources */,
				86C4CDF42637CD60009AFE5B /* Main.storyboard in Resources */,
			);
			runOnlyForDeploymentPostprocessing = 0;
		};
/* End PBXResourcesBuildPhase section */

/* Begin PBXSourcesBuildPhase section */
		86C4CDE52637CD60009AFE5B /* Sources */ = {
			isa = PBXSourcesBuildPhase;
			buildActionMask = 2147483647;
			files = (
				86C4CDF12637CD60009AFE5B /* ViewController.swift in Sources */,
				869FDE662638180900F7F5C9 /* musicData.swift in Sources */,
				867A651D263AA1F3008C2FE8 /* launchViewController.swift in Sources */,
				86C4CDED2637CD60009AFE5B /* AppDelegate.swift in Sources */,
				86C4CDEF2637CD60009AFE5B /* SceneDelegate.swift in Sources */,
			);
			runOnlyForDeploymentPostprocessing = 0;
		};
/* End PBXSourcesBuildPhase section */

/* Begin PBXVariantGroup section */
		86C4CDF22637CD60009AFE5B /* Main.storyboard */ = {
			isa = PBXVariantGroup;
			children = (
				86C4CDF32637CD60009AFE5B /* Base */,
			);
			name = Main.storyboard;
			sourceTree = "<group>";
		};
		86C4CDF72637CD73009AFE5B /* LaunchScreen.storyboard */ = {
			isa = PBXVariantGroup;
			children = (
				86C4CDF82637CD73009AFE5B /* Base */,
			);
			name = LaunchScreen.storyboard;
			sourceTree = "<group>";
		};
/* End PBXVariantGroup section */

/* Begin XCBuildConfiguration section */
		86C4CDFB2637CD73009AFE5B /* Debug */ = {
			isa = XCBuildConfiguration;
			buildSettings = {
				ALWAYS_SEARCH_USER_PATHS = NO;
				CLANG_ANALYZER_NONNULL = YES;
				CLANG_ANALYZER_NUMBER_OBJECT_CONVERSION = YES_AGGRESSIVE;
				CLANG_CXX_LANGUAGE_STANDARD = "gnu++14";
				CLANG_CXX_LIBRARY = "libc++";
				CLANG_ENABLE_MODULES = YES;
				CLANG_ENABLE_OBJC_ARC = YES;
				CLANG_ENABLE_OBJC_WEAK = YES;
				CLANG_WARN_BLOCK_CAPTURE_AUTORELEASING = YES;
				CLANG_WARN_BOOL_CONVERSION = YES;
				CLANG_WARN_COMMA = YES;
				CLANG_WARN_CONSTANT_CONVERSION = YES;
				CLANG_WARN_DEPRECATED_OBJC_IMPLEMENTATIONS = YES;
				CLANG_WARN_DIRECT_OBJC_ISA_USAGE = YES_ERROR;
				CLANG_WARN_DOCUMENTATION_COMMENTS = YES;
				CLANG_WARN_EMPTY_BODY = YES;
				CLANG_WARN_ENUM_CONVERSION = YES;
				CLANG_WARN_INFINITE_RECURSION = YES;
				CLANG_WARN_INT_CONVERSION = YES;
				CLANG_WARN_NON_LITERAL_NULL_CONVERSION = YES;
				CLANG_WARN_OBJC_IMPLICIT_RETAIN_SELF = YES;
				CLANG_WARN_OBJC_LITERAL_CONVERSION = YES;
				CLANG_WARN_OBJC_ROOT_CLASS = YES_ERROR;
				CLANG_WARN_RANGE_LOOP_ANALYSIS = YES;
				CLANG_WARN_STRICT_PROTOTYPES = YES;
				CLANG_WARN_SUSPICIOUS_MOVE = YES;
				CLANG_WARN_UNGUARDED_AVAILABILITY = YES_AGGRESSIVE;
				CLANG_WARN_UNREACHABLE_CODE = YES;
				CLANG_WARN__DUPLICATE_METHOD_MATCH = YES;
				COPY_PHASE_STRIP = NO;
				DEBUG_INFORMATION_FORMAT = dwarf;
				ENABLE_STRICT_OBJC_MSGSEND = YES;
				ENABLE_TESTABILITY = YES;
				GCC_C_LANGUAGE_STANDARD = gnu11;
				GCC_DYNAMIC_NO_PIC = NO;
				GCC_NO_COMMON_BLOCKS = YES;
				GCC_OPTIMIZATION_LEVEL = 0;
				GCC_PREPROCESSOR_DEFINITIONS = (
					"DEBUG=1",
					"$(inherited)",
				);
				GCC_WARN_64_TO_32_BIT_CONVERSION = YES;
				GCC_WARN_ABOUT_RETURN_TYPE = YES_ERROR;
				GCC_WARN_UNDECLARED_SELECTOR = YES;
				GCC_WARN_UNINITIALIZED_AUTOS = YES_AGGRESSIVE;
				GCC_WARN_UNUSED_FUNCTION = YES;
				GCC_WARN_UNUSED_VARIABLE = YES;
				IPHONEOS_DEPLOYMENT_TARGET = 13.2;
				MTL_ENABLE_DEBUG_INFO = INCLUDE_SOURCE;
				MTL_FAST_MATH = YES;
				ONLY_ACTIVE_ARCH = YES;
				SDKROOT = iphoneos;
				SWIFT_ACTIVE_COMPILATION_CONDITIONS = DEBUG;
				SWIFT_OPTIMIZATION_LEVEL = "-Onone";
			};
			name = Debug;
		};
		86C4CDFC2637CD73009AFE5B /* Release */ = {
			isa = XCBuildConfiguration;
			buildSettings = {
				ALWAYS_SEARCH_USER_PATHS = NO;
				CLANG_ANALYZER_NONNULL = YES;
				CLANG_ANALYZER_NUMBER_OBJECT_CONVERSION = YES_AGGRESSIVE;
				CLANG_CXX_LANGUAGE_STANDARD = "gnu++14";
				CLANG_CXX_LIBRARY = "libc++";
				CLANG_ENABLE_MODULES = YES;
				CLANG_ENABLE_OBJC_ARC = YES;
				CLANG_ENABLE_OBJC_WEAK = YES;
				CLANG_WARN_BLOCK_CAPTURE_AUTORELEASING = YES;
				CLANG_WARN_BOOL_CONVERSION = YES;
				CLANG_WARN_COMMA = YES;
				CLANG_WARN_CONSTANT_CONVERSION = YES;
				CLANG_WARN_DEPRECATED_OBJC_IMPLEMENTATIONS = YES;
				CLANG_WARN_DIRECT_OBJC_ISA_USAGE = YES_ERROR;
				CLANG_WARN_DOCUMENTATION_COMMENTS = YES;
				CLANG_WARN_EMPTY_BODY = YES;
				CLANG_WARN_ENUM_CONVERSION = YES;
				CLANG_WARN_INFINITE_RECURSION = YES;
				CLANG_WARN_INT_CONVERSION = YES;
				CLANG_WARN_NON_LITERAL_NULL_CONVERSION = YES;
				CLANG_WARN_OBJC_IMPLICIT_RETAIN_SELF = YES;
				CLANG_WARN_OBJC_LITERAL_CONVERSION = YES;
				CLANG_WARN_OBJC_ROOT_CLASS = YES_ERROR;
				CLANG_WARN_RANGE_LOOP_ANALYSIS = YES;
				CLANG_WARN_STRICT_PROTOTYPES = YES;
				CLANG_WARN_SUSPICIOUS_MOVE = YES;
				CLANG_WARN_UNGUARDED_AVAILABILITY = YES_AGGRESSIVE;
				CLANG_WARN_UNREACHABLE_CODE = YES;
				CLANG_WARN__DUPLICATE_METHOD_MATCH = YES;
				COPY_PHASE_STRIP = NO;
				DEBUG_INFORMATION_FORMAT = "dwarf-with-dsym";
				ENABLE_NS_ASSERTIONS = NO;
				ENABLE_STRICT_OBJC_MSGSEND = YES;
				GCC_C_LANGUAGE_STANDARD = gnu11;
				GCC_NO_COMMON_BLOCKS = YES;
				GCC_WARN_64_TO_32_BIT_CONVERSION = YES;
				GCC_WARN_ABOUT_RETURN_TYPE = YES_ERROR;
				GCC_WARN_UNDECLARED_SELECTOR = YES;
				GCC_WARN_UNINITIALIZED_AUTOS = YES_AGGRESSIVE;
				GCC_WARN_UNUSED_FUNCTION = YES;
				GCC_WARN_UNUSED_VARIABLE = YES;
				IPHONEOS_DEPLOYMENT_TARGET = 13.2;
				MTL_ENABLE_DEBUG_INFO = NO;
				MTL_FAST_MATH = YES;
				SDKROOT = iphoneos;
				SWIFT_COMPILATION_MODE = wholemodule;
				SWIFT_OPTIMIZATION_LEVEL = "-O";
				VALIDATE_PRODUCT = YES;
			};
			name = Release;
		};
		86C4CDFE2637CD73009AFE5B /* Debug */ = {
			isa = XCBuildConfiguration;
			buildSettings = {
				ASSETCATALOG_COMPILER_APPICON_NAME = AppIcon;
				CODE_SIGN_STYLE = Automatic;
				INFOPLIST_FILE = musicPlayer/Info.plist;
				LD_RUNPATH_SEARCH_PATHS = (
					"$(inherited)",
					"@executable_path/Frameworks",
				);
				PRODUCT_BUNDLE_IDENTIFIER = com.ajay.musicPlayer;
				PRODUCT_NAME = "$(TARGET_NAME)";
				SWIFT_VERSION = 5.0;
				TARGETED_DEVICE_FAMILY = "1,2";
			};
			name = Debug;
		};
		86C4CDFF2637CD73009AFE5B /* Release */ = {
			isa = XCBuildConfiguration;
			buildSettings = {
				ASSETCATALOG_COMPILER_APPICON_NAME = AppIcon;
				CODE_SIGN_STYLE = Automatic;
				INFOPLIST_FILE = musicPlayer/Info.plist;
				LD_RUNPATH_SEARCH_PATHS = (
					"$(inherited)",
					"@executable_path/Frameworks",
				);
				PRODUCT_BUNDLE_IDENTIFIER = com.ajay.musicPlayer;
				PRODUCT_NAME = "$(TARGET_NAME)";
				SWIFT_VERSION = 5.0;
				TARGETED_DEVICE_FAMILY = "1,2";
			};
			name = Release;
		};
/* End XCBuildConfiguration section */

/* Begin XCConfigurationList section */
		86C4CDE42637CD60009AFE5B /* Build configuration list for PBXProject "musicPlayer" */ = {
			isa = XCConfigurationList;
			buildConfigurations = (
				86C4CDFB2637CD73009AFE5B /* Debug */,
				86C4CDFC2637CD73009AFE5B /* Release */,
			);
			defaultConfigurationIsVisible = 0;
			defaultConfigurationName = Release;
		};
		86C4CDFD2637CD73009AFE5B /* Build configuration list for PBXNativeTarget "musicPlayer" */ = {
			isa = XCConfigurationList;
			buildConfigurations = (
				86C4CDFE2637CD73009AFE5B /* Debug */,
				86C4CDFF2637CD73009AFE5B /* Release */,
			);
			defaultConfigurationIsVisible = 0;
			defaultConfigurationName = Release;
		};
/* End XCConfigurationList section */
	};
	rootObject = 86C4CDE12637CD60009AFE5B /* Project object */;
}
